
Microsoft Visual Studio Solution File, Format Version 12.00
# Visual Studio 14
VisualStudioVersion = 14.0.25420.1
MinimumVisualStudioVersion = 10.0.40219.1
Project("{FAE04EC0-301F-11D3-BF4B-00C04F79EFBC}") = "GreenHouse", "GreenHouse\GreenHouse.csproj", "{21846D2D-2D8B-4EBD-9F94-D6F0FA4765F1}"
EndProject
Project("{FAE04EC0-301F-11D3-BF4B-00C04F79EFBC}") = "GreenHouse.Interfaces", "GreenHouse.Interfaces\GreenHouse.Interfaces.csproj", "{5A2EBA1B-FAE7-41D1-B282-3DDCA3BCABFB}"
EndProject
Project("{00D1A9C2-B5F0-4AF3-8072-F6C62B433612}") = "GreenHouse.Database", "GreenHouse.Database\GreenHouse.Database.sqlproj", "{B4718CB1-7D04-495D-BF3B-B393A510D08C}"
EndProject
Project("{FAE04EC0-301F-11D3-BF4B-00C04F79EFBC}") = "GreenHouse.Repository", "GreenHouse.Repository\GreenHouse.Repository.csproj", "{87D91680-3219-4004-B3BB-132E3B399636}"
EndProject
Project("{FAE04EC0-301F-11D3-BF4B-00C04F79EFBC}") = "GreenHouse.EfRepository", "GreenHouse.EfRepository\GreenHouse.EfRepository.csproj", "{EA50BFDE-B41F-493F-8884-6F8337846DB7}"
EndProject
Project("{FAE04EC0-301F-11D3-BF4B-00C04F79EFBC}") = "FunWithEf", "FunWithEf\FunWithEf.csproj", "{43BB64EC-AFF8-4B56-8F09-489AFCF56BF1}"
EndProject
Project("{FAE04EC0-301F-11D3-BF4B-00C04F79EFBC}") = "Greenhouse.Core", "Greenhouse.Core\Greenhouse.Core.csproj", "{FD579BC6-6BEB-42DB-9779-2571AE348D62}"
EndProject
Project("{FAE04EC0-301F-11D3-BF4B-00C04F79EFBC}") = "PasswordHashGenerator", "PasswordHashGenerator\PasswordHashGenerator.csproj", "{B0C1E061-F250-4131-B64D-C68544AE8BD4}"
EndProject
Project("{FAE04EC0-301F-11D3-BF4B-00C04F79EFBC}") = "DeviceSimulator", "DeviceSimulator\DeviceSimulator.csproj", "{77E1EC66-6B30-46A3-B396-BE908E8F31F9}"
EndProject
Project("{FAE04EC0-301F-11D3-BF4B-00C04F79EFBC}") = "GreenhouseApp", "GreenhouseApp\GreenhouseApp\GreenhouseApp.csproj", "{16C21B57-CD9A-4DEF-8E64-ED3374BBB94A}"
EndProject
Project("{FAE04EC0-301F-11D3-BF4B-00C04F79EFBC}") = "GreenhouseApp.Droid", "GreenhouseApp\GreenhouseApp.Droid\GreenhouseApp.Droid.csproj", "{11F1EFED-9DDA-4B22-A8EF-DC9217D30506}"
EndProject
Project("{FAE04EC0-301F-11D3-BF4B-00C04F79EFBC}") = "GreenhouseApp.iOS", "GreenhouseApp\GreenhouseApp.iOS\GreenhouseApp.iOS.csproj", "{27F9137D-072A-48FA-81D6-F446445666CF}"
EndProject
Project("{FAE04EC0-301F-11D3-BF4B-00C04F79EFBC}") = "GreenhouseApp.Windows", "GreenhouseApp\GreenhouseApp.Windows\GreenhouseApp.Windows.csproj", "{3C9E37D6-CEAA-4E12-A095-54FDBE6E8960}"
EndProject
Global
	GlobalSection(SolutionConfigurationPlatforms) = preSolution
		Ad-Hoc|Any CPU = Ad-Hoc|Any CPU
		Ad-Hoc|ARM = Ad-Hoc|ARM
		Ad-Hoc|iPhone = Ad-Hoc|iPhone
		Ad-Hoc|iPhoneSimulator = Ad-Hoc|iPhoneSimulator
		Ad-Hoc|x64 = Ad-Hoc|x64
		Ad-Hoc|x86 = Ad-Hoc|x86
		AppStore|Any CPU = AppStore|Any CPU
		AppStore|ARM = AppStore|ARM
		AppStore|iPhone = AppStore|iPhone
		AppStore|iPhoneSimulator = AppStore|iPhoneSimulator
		AppStore|x64 = AppStore|x64
		AppStore|x86 = AppStore|x86
		Debug|Any CPU = Debug|Any CPU
		Debug|ARM = Debug|ARM
		Debug|iPhone = Debug|iPhone
		Debug|iPhoneSimulator = Debug|iPhoneSimulator
		Debug|x64 = Debug|x64
		Debug|x86 = Debug|x86
		Release|Any CPU = Release|Any CPU
		Release|ARM = Release|ARM
		Release|iPhone = Release|iPhone
		Release|iPhoneSimulator = Release|iPhoneSimulator
		Release|x64 = Release|x64
		Release|x86 = Release|x86
	EndGlobalSection
	GlobalSection(ProjectConfigurationPlatforms) = postSolution
		{21846D2D-2D8B-4EBD-9F94-D6F0FA4765F1}.Ad-Hoc|Any CPU.ActiveCfg = Release|Any CPU
		{21846D2D-2D8B-4EBD-9F94-D6F0FA4765F1}.Ad-Hoc|Any CPU.Build.0 = Release|Any CPU
		{21846D2D-2D8B-4EBD-9F94-D6F0FA4765F1}.Ad-Hoc|ARM.ActiveCfg = Release|Any CPU
		{21846D2D-2D8B-4EBD-9F94-D6F0FA4765F1}.Ad-Hoc|ARM.Build.0 = Release|Any CPU
		{21846D2D-2D8B-4EBD-9F94-D6F0FA4765F1}.Ad-Hoc|iPhone.ActiveCfg = Release|Any CPU
		{21846D2D-2D8B-4EBD-9F94-D6F0FA4765F1}.Ad-Hoc|iPhone.Build.0 = Release|Any CPU
		{21846D2D-2D8B-4EBD-9F94-D6F0FA4765F1}.Ad-Hoc|iPhoneSimulator.ActiveCfg = Release|Any CPU
		{21846D2D-2D8B-4EBD-9F94-D6F0FA4765F1}.Ad-Hoc|iPhoneSimulator.Build.0 = Release|Any CPU
		{21846D2D-2D8B-4EBD-9F94-D6F0FA4765F1}.Ad-Hoc|x64.ActiveCfg = Release|Any CPU
		{21846D2D-2D8B-4EBD-9F94-D6F0FA4765F1}.Ad-Hoc|x64.Build.0 = Release|Any CPU
		{21846D2D-2D8B-4EBD-9F94-D6F0FA4765F1}.Ad-Hoc|x86.ActiveCfg = Release|Any CPU
		{21846D2D-2D8B-4EBD-9F94-D6F0FA4765F1}.Ad-Hoc|x86.Build.0 = Release|Any CPU
		{21846D2D-2D8B-4EBD-9F94-D6F0FA4765F1}.AppStore|Any CPU.ActiveCfg = Release|Any CPU
		{21846D2D-2D8B-4EBD-9F94-D6F0FA4765F1}.AppStore|Any CPU.Build.0 = Release|Any CPU
		{21846D2D-2D8B-4EBD-9F94-D6F0FA4765F1}.AppStore|ARM.ActiveCfg = Release|Any CPU
		{21846D2D-2D8B-4EBD-9F94-D6F0FA4765F1}.AppStore|ARM.Build.0 = Release|Any CPU
		{21846D2D-2D8B-4EBD-9F94-D6F0FA4765F1}.AppStore|iPhone.ActiveCfg = Release|Any CPU
		{21846D2D-2D8B-4EBD-9F94-D6F0FA4765F1}.AppStore|iPhone.Build.0 = Release|Any CPU
		{21846D2D-2D8B-4EBD-9F94-D6F0FA4765F1}.AppStore|iPhoneSimulator.ActiveCfg = Release|Any CPU
		{21846D2D-2D8B-4EBD-9F94-D6F0FA4765F1}.AppStore|iPhoneSimulator.Build.0 = Release|Any CPU
		{21846D2D-2D8B-4EBD-9F94-D6F0FA4765F1}.AppStore|x64.ActiveCfg = Release|Any CPU
		{21846D2D-2D8B-4EBD-9F94-D6F0FA4765F1}.AppStore|x64.Build.0 = Release|Any CPU
		{21846D2D-2D8B-4EBD-9F94-D6F0FA4765F1}.AppStore|x86.ActiveCfg = Release|Any CPU
		{21846D2D-2D8B-4EBD-9F94-D6F0FA4765F1}.AppStore|x86.Build.0 = Release|Any CPU
		{21846D2D-2D8B-4EBD-9F94-D6F0FA4765F1}.Debug|Any CPU.ActiveCfg = Debug|Any CPU
		{21846D2D-2D8B-4EBD-9F94-D6F0FA4765F1}.Debug|Any CPU.Build.0 = Debug|Any CPU
		{21846D2D-2D8B-4EBD-9F94-D6F0FA4765F1}.Debug|ARM.ActiveCfg = Debug|Any CPU
		{21846D2D-2D8B-4EBD-9F94-D6F0FA4765F1}.Debug|ARM.Build.0 = Debug|Any CPU
		{21846D2D-2D8B-4EBD-9F94-D6F0FA4765F1}.Debug|iPhone.ActiveCfg = Debug|Any CPU
		{21846D2D-2D8B-4EBD-9F94-D6F0FA4765F1}.Debug|iPhone.Build.0 = Debug|Any CPU
		{21846D2D-2D8B-4EBD-9F94-D6F0FA4765F1}.Debug|iPhoneSimulator.ActiveCfg = Debug|Any CPU
		{21846D2D-2D8B-4EBD-9F94-D6F0FA4765F1}.Debug|iPhoneSimulator.Build.0 = Debug|Any CPU
		{21846D2D-2D8B-4EBD-9F94-D6F0FA4765F1}.Debug|x64.ActiveCfg = Debug|Any CPU
		{21846D2D-2D8B-4EBD-9F94-D6F0FA4765F1}.Debug|x64.Build.0 = Debug|Any CPU
		{21846D2D-2D8B-4EBD-9F94-D6F0FA4765F1}.Debug|x86.ActiveCfg = Debug|Any CPU
		{21846D2D-2D8B-4EBD-9F94-D6F0FA4765F1}.Debug|x86.Build.0 = Debug|Any CPU
		{21846D2D-2D8B-4EBD-9F94-D6F0FA4765F1}.Release|Any CPU.ActiveCfg = Release|Any CPU
		{21846D2D-2D8B-4EBD-9F94-D6F0FA4765F1}.Release|Any CPU.Build.0 = Release|Any CPU
		{21846D2D-2D8B-4EBD-9F94-D6F0FA4765F1}.Release|ARM.ActiveCfg = Release|Any CPU
		{21846D2D-2D8B-4EBD-9F94-D6F0FA4765F1}.Release|ARM.Build.0 = Release|Any CPU
		{21846D2D-2D8B-4EBD-9F94-D6F0FA4765F1}.Release|iPhone.ActiveCfg = Release|Any CPU
		{21846D2D-2D8B-4EBD-9F94-D6F0FA4765F1}.Release|iPhone.Build.0 = Release|Any CPU
		{21846D2D-2D8B-4EBD-9F94-D6F0FA4765F1}.Release|iPhoneSimulator.ActiveCfg = Release|Any CPU
		{21846D2D-2D8B-4EBD-9F94-D6F0FA4765F1}.Release|iPhoneSimulator.Build.0 = Release|Any CPU
		{21846D2D-2D8B-4EBD-9F94-D6F0FA4765F1}.Release|x64.ActiveCfg = Release|Any CPU
		{21846D2D-2D8B-4EBD-9F94-D6F0FA4765F1}.Release|x64.Build.0 = Release|Any CPU
		{21846D2D-2D8B-4EBD-9F94-D6F0FA4765F1}.Release|x86.ActiveCfg = Release|Any CPU
		{21846D2D-2D8B-4EBD-9F94-D6F0FA4765F1}.Release|x86.Build.0 = Release|Any CPU
		{5A2EBA1B-FAE7-41D1-B282-3DDCA3BCABFB}.Ad-Hoc|Any CPU.ActiveCfg = Release|Any CPU
		{5A2EBA1B-FAE7-41D1-B282-3DDCA3BCABFB}.Ad-Hoc|Any CPU.Build.0 = Release|Any CPU
		{5A2EBA1B-FAE7-41D1-B282-3DDCA3BCABFB}.Ad-Hoc|ARM.ActiveCfg = Release|Any CPU
		{5A2EBA1B-FAE7-41D1-B282-3DDCA3BCABFB}.Ad-Hoc|ARM.Build.0 = Release|Any CPU
		{5A2EBA1B-FAE7-41D1-B282-3DDCA3BCABFB}.Ad-Hoc|iPhone.ActiveCfg = Release|Any CPU
		{5A2EBA1B-FAE7-41D1-B282-3DDCA3BCABFB}.Ad-Hoc|iPhone.Build.0 = Release|Any CPU
		{5A2EBA1B-FAE7-41D1-B282-3DDCA3BCABFB}.Ad-Hoc|iPhoneSimulator.ActiveCfg = Release|Any CPU
		{5A2EBA1B-FAE7-41D1-B282-3DDCA3BCABFB}.Ad-Hoc|iPhoneSimulator.Build.0 = Release|Any CPU
		{5A2EBA1B-FAE7-41D1-B282-3DDCA3BCABFB}.Ad-Hoc|x64.ActiveCfg = Release|Any CPU
		{5A2EBA1B-FAE7-41D1-B282-3DDCA3BCABFB}.Ad-Hoc|x64.Build.0 = Release|Any CPU
		{5A2EBA1B-FAE7-41D1-B282-3DDCA3BCABFB}.Ad-Hoc|x86.ActiveCfg = Release|Any CPU
		{5A2EBA1B-FAE7-41D1-B282-3DDCA3BCABFB}.Ad-Hoc|x86.Build.0 = Release|Any CPU
		{5A2EBA1B-FAE7-41D1-B282-3DDCA3BCABFB}.AppStore|Any CPU.ActiveCfg = Release|Any CPU
		{5A2EBA1B-FAE7-41D1-B282-3DDCA3BCABFB}.AppStore|Any CPU.Build.0 = Release|Any CPU
		{5A2EBA1B-FAE7-41D1-B282-3DDCA3BCABFB}.AppStore|ARM.ActiveCfg = Release|Any CPU
		{5A2EBA1B-FAE7-41D1-B282-3DDCA3BCABFB}.AppStore|ARM.Build.0 = Release|Any CPU
		{5A2EBA1B-FAE7-41D1-B282-3DDCA3BCABFB}.AppStore|iPhone.ActiveCfg = Release|Any CPU
		{5A2EBA1B-FAE7-41D1-B282-3DDCA3BCABFB}.AppStore|iPhone.Build.0 = Release|Any CPU
		{5A2EBA1B-FAE7-41D1-B282-3DDCA3BCABFB}.AppStore|iPhoneSimulator.ActiveCfg = Release|Any CPU
		{5A2EBA1B-FAE7-41D1-B282-3DDCA3BCABFB}.AppStore|iPhoneSimulator.Build.0 = Release|Any CPU
		{5A2EBA1B-FAE7-41D1-B282-3DDCA3BCABFB}.AppStore|x64.ActiveCfg = Release|Any CPU
		{5A2EBA1B-FAE7-41D1-B282-3DDCA3BCABFB}.AppStore|x64.Build.0 = Release|Any CPU
		{5A2EBA1B-FAE7-41D1-B282-3DDCA3BCABFB}.AppStore|x86.ActiveCfg = Release|Any CPU
		{5A2EBA1B-FAE7-41D1-B282-3DDCA3BCABFB}.AppStore|x86.Build.0 = Release|Any CPU
		{5A2EBA1B-FAE7-41D1-B282-3DDCA3BCABFB}.Debug|Any CPU.ActiveCfg = Debug|Any CPU
		{5A2EBA1B-FAE7-41D1-B282-3DDCA3BCABFB}.Debug|Any CPU.Build.0 = Debug|Any CPU
		{5A2EBA1B-FAE7-41D1-B282-3DDCA3BCABFB}.Debug|ARM.ActiveCfg = Debug|Any CPU
		{5A2EBA1B-FAE7-41D1-B282-3DDCA3BCABFB}.Debug|ARM.Build.0 = Debug|Any CPU
		{5A2EBA1B-FAE7-41D1-B282-3DDCA3BCABFB}.Debug|iPhone.ActiveCfg = Debug|Any CPU
		{5A2EBA1B-FAE7-41D1-B282-3DDCA3BCABFB}.Debug|iPhone.Build.0 = Debug|Any CPU
		{5A2EBA1B-FAE7-41D1-B282-3DDCA3BCABFB}.Debug|iPhoneSimulator.ActiveCfg = Debug|Any CPU
		{5A2EBA1B-FAE7-41D1-B282-3DDCA3BCABFB}.Debug|iPhoneSimulator.Build.0 = Debug|Any CPU
		{5A2EBA1B-FAE7-41D1-B282-3DDCA3BCABFB}.Debug|x64.ActiveCfg = Debug|Any CPU
		{5A2EBA1B-FAE7-41D1-B282-3DDCA3BCABFB}.Debug|x64.Build.0 = Debug|Any CPU
		{5A2EBA1B-FAE7-41D1-B282-3DDCA3BCABFB}.Debug|x86.ActiveCfg = Debug|Any CPU
		{5A2EBA1B-FAE7-41D1-B282-3DDCA3BCABFB}.Debug|x86.Build.0 = Debug|Any CPU
		{5A2EBA1B-FAE7-41D1-B282-3DDCA3BCABFB}.Release|Any CPU.ActiveCfg = Release|Any CPU
		{5A2EBA1B-FAE7-41D1-B282-3DDCA3BCABFB}.Release|Any CPU.Build.0 = Release|Any CPU
		{5A2EBA1B-FAE7-41D1-B282-3DDCA3BCABFB}.Release|ARM.ActiveCfg = Release|Any CPU
		{5A2EBA1B-FAE7-41D1-B282-3DDCA3BCABFB}.Release|ARM.Build.0 = Release|Any CPU
		{5A2EBA1B-FAE7-41D1-B282-3DDCA3BCABFB}.Release|iPhone.ActiveCfg = Release|Any CPU
		{5A2EBA1B-FAE7-41D1-B282-3DDCA3BCABFB}.Release|iPhone.Build.0 = Release|Any CPU
		{5A2EBA1B-FAE7-41D1-B282-3DDCA3BCABFB}.Release|iPhoneSimulator.ActiveCfg = Release|Any CPU
		{5A2EBA1B-FAE7-41D1-B282-3DDCA3BCABFB}.Release|iPhoneSimulator.Build.0 = Release|Any CPU
		{5A2EBA1B-FAE7-41D1-B282-3DDCA3BCABFB}.Release|x64.ActiveCfg = Release|Any CPU
		{5A2EBA1B-FAE7-41D1-B282-3DDCA3BCABFB}.Release|x64.Build.0 = Release|Any CPU
		{5A2EBA1B-FAE7-41D1-B282-3DDCA3BCABFB}.Release|x86.ActiveCfg = Release|Any CPU
		{5A2EBA1B-FAE7-41D1-B282-3DDCA3BCABFB}.Release|x86.Build.0 = Release|Any CPU
		{B4718CB1-7D04-495D-BF3B-B393A510D08C}.Ad-Hoc|Any CPU.ActiveCfg = Release|Any CPU
		{B4718CB1-7D04-495D-BF3B-B393A510D08C}.Ad-Hoc|Any CPU.Build.0 = Release|Any CPU
		{B4718CB1-7D04-495D-BF3B-B393A510D08C}.Ad-Hoc|Any CPU.Deploy.0 = Release|Any CPU
		{B4718CB1-7D04-495D-BF3B-B393A510D08C}.Ad-Hoc|ARM.ActiveCfg = Release|Any CPU
		{B4718CB1-7D04-495D-BF3B-B393A510D08C}.Ad-Hoc|ARM.Build.0 = Release|Any CPU
		{B4718CB1-7D04-495D-BF3B-B393A510D08C}.Ad-Hoc|ARM.Deploy.0 = Release|Any CPU
		{B4718CB1-7D04-495D-BF3B-B393A510D08C}.Ad-Hoc|iPhone.ActiveCfg = Release|Any CPU
		{B4718CB1-7D04-495D-BF3B-B393A510D08C}.Ad-Hoc|iPhone.Build.0 = Release|Any CPU
		{B4718CB1-7D04-495D-BF3B-B393A510D08C}.Ad-Hoc|iPhone.Deploy.0 = Release|Any CPU
		{B4718CB1-7D04-495D-BF3B-B393A510D08C}.Ad-Hoc|iPhoneSimulator.ActiveCfg = Release|Any CPU
		{B4718CB1-7D04-495D-BF3B-B393A510D08C}.Ad-Hoc|iPhoneSimulator.Build.0 = Release|Any CPU
		{B4718CB1-7D04-495D-BF3B-B393A510D08C}.Ad-Hoc|iPhoneSimulator.Deploy.0 = Release|Any CPU
		{B4718CB1-7D04-495D-BF3B-B393A510D08C}.Ad-Hoc|x64.ActiveCfg = Release|Any CPU
		{B4718CB1-7D04-495D-BF3B-B393A510D08C}.Ad-Hoc|x64.Build.0 = Release|Any CPU
		{B4718CB1-7D04-495D-BF3B-B393A510D08C}.Ad-Hoc|x64.Deploy.0 = Release|Any CPU
		{B4718CB1-7D04-495D-BF3B-B393A510D08C}.Ad-Hoc|x86.ActiveCfg = Release|Any CPU
		{B4718CB1-7D04-495D-BF3B-B393A510D08C}.Ad-Hoc|x86.Build.0 = Release|Any CPU
		{B4718CB1-7D04-495D-BF3B-B393A510D08C}.Ad-Hoc|x86.Deploy.0 = Release|Any CPU
		{B4718CB1-7D04-495D-BF3B-B393A510D08C}.AppStore|Any CPU.ActiveCfg = Release|Any CPU
		{B4718CB1-7D04-495D-BF3B-B393A510D08C}.AppStore|Any CPU.Build.0 = Release|Any CPU
		{B4718CB1-7D04-495D-BF3B-B393A510D08C}.AppStore|Any CPU.Deploy.0 = Release|Any CPU
		{B4718CB1-7D04-495D-BF3B-B393A510D08C}.AppStore|ARM.ActiveCfg = Release|Any CPU
		{B4718CB1-7D04-495D-BF3B-B393A510D08C}.AppStore|ARM.Build.0 = Release|Any CPU
		{B4718CB1-7D04-495D-BF3B-B393A510D08C}.AppStore|ARM.Deploy.0 = Release|Any CPU
		{B4718CB1-7D04-495D-BF3B-B393A510D08C}.AppStore|iPhone.ActiveCfg = Release|Any CPU
		{B4718CB1-7D04-495D-BF3B-B393A510D08C}.AppStore|iPhone.Build.0 = Release|Any CPU
		{B4718CB1-7D04-495D-BF3B-B393A510D08C}.AppStore|iPhone.Deploy.0 = Release|Any CPU
		{B4718CB1-7D04-495D-BF3B-B393A510D08C}.AppStore|iPhoneSimulator.ActiveCfg = Release|Any CPU
		{B4718CB1-7D04-495D-BF3B-B393A510D08C}.AppStore|iPhoneSimulator.Build.0 = Release|Any CPU
		{B4718CB1-7D04-495D-BF3B-B393A510D08C}.AppStore|iPhoneSimulator.Deploy.0 = Release|Any CPU
		{B4718CB1-7D04-495D-BF3B-B393A510D08C}.AppStore|x64.ActiveCfg = Release|Any CPU
		{B4718CB1-7D04-495D-BF3B-B393A510D08C}.AppStore|x64.Build.0 = Release|Any CPU
		{B4718CB1-7D04-495D-BF3B-B393A510D08C}.AppStore|x64.Deploy.0 = Release|Any CPU
		{B4718CB1-7D04-495D-BF3B-B393A510D08C}.AppStore|x86.ActiveCfg = Release|Any CPU
		{B4718CB1-7D04-495D-BF3B-B393A510D08C}.AppStore|x86.Build.0 = Release|Any CPU
		{B4718CB1-7D04-495D-BF3B-B393A510D08C}.AppStore|x86.Deploy.0 = Release|Any CPU
		{B4718CB1-7D04-495D-BF3B-B393A510D08C}.Debug|Any CPU.ActiveCfg = Debug|Any CPU
		{B4718CB1-7D04-495D-BF3B-B393A510D08C}.Debug|Any CPU.Build.0 = Debug|Any CPU
		{B4718CB1-7D04-495D-BF3B-B393A510D08C}.Debug|Any CPU.Deploy.0 = Debug|Any CPU
		{B4718CB1-7D04-495D-BF3B-B393A510D08C}.Debug|ARM.ActiveCfg = Debug|Any CPU
		{B4718CB1-7D04-495D-BF3B-B393A510D08C}.Debug|ARM.Build.0 = Debug|Any CPU
		{B4718CB1-7D04-495D-BF3B-B393A510D08C}.Debug|ARM.Deploy.0 = Debug|Any CPU
		{B4718CB1-7D04-495D-BF3B-B393A510D08C}.Debug|iPhone.ActiveCfg = Debug|Any CPU
		{B4718CB1-7D04-495D-BF3B-B393A510D08C}.Debug|iPhone.Build.0 = Debug|Any CPU
		{B4718CB1-7D04-495D-BF3B-B393A510D08C}.Debug|iPhone.Deploy.0 = Debug|Any CPU
		{B4718CB1-7D04-495D-BF3B-B393A510D08C}.Debug|iPhoneSimulator.ActiveCfg = Debug|Any CPU
		{B4718CB1-7D04-495D-BF3B-B393A510D08C}.Debug|iPhoneSimulator.Build.0 = Debug|Any CPU
		{B4718CB1-7D04-495D-BF3B-B393A510D08C}.Debug|iPhoneSimulator.Deploy.0 = Debug|Any CPU
		{B4718CB1-7D04-495D-BF3B-B393A510D08C}.Debug|x64.ActiveCfg = Debug|Any CPU
		{B4718CB1-7D04-495D-BF3B-B393A510D08C}.Debug|x64.Build.0 = Debug|Any CPU
		{B4718CB1-7D04-495D-BF3B-B393A510D08C}.Debug|x64.Deploy.0 = Debug|Any CPU
		{B4718CB1-7D04-495D-BF3B-B393A510D08C}.Debug|x86.ActiveCfg = Debug|Any CPU
		{B4718CB1-7D04-495D-BF3B-B393A510D08C}.Debug|x86.Build.0 = Debug|Any CPU
		{B4718CB1-7D04-495D-BF3B-B393A510D08C}.Debug|x86.Deploy.0 = Debug|Any CPU
		{B4718CB1-7D04-495D-BF3B-B393A510D08C}.Release|Any CPU.ActiveCfg = Release|Any CPU
		{B4718CB1-7D04-495D-BF3B-B393A510D08C}.Release|Any CPU.Build.0 = Release|Any CPU
		{B4718CB1-7D04-495D-BF3B-B393A510D08C}.Release|Any CPU.Deploy.0 = Release|Any CPU
		{B4718CB1-7D04-495D-BF3B-B393A510D08C}.Release|ARM.ActiveCfg = Release|Any CPU
		{B4718CB1-7D04-495D-BF3B-B393A510D08C}.Release|ARM.Build.0 = Release|Any CPU
		{B4718CB1-7D04-495D-BF3B-B393A510D08C}.Release|ARM.Deploy.0 = Release|Any CPU
		{B4718CB1-7D04-495D-BF3B-B393A510D08C}.Release|iPhone.ActiveCfg = Release|Any CPU
		{B4718CB1-7D04-495D-BF3B-B393A510D08C}.Release|iPhone.Build.0 = Release|Any CPU
		{B4718CB1-7D04-495D-BF3B-B393A510D08C}.Release|iPhone.Deploy.0 = Release|Any CPU
		{B4718CB1-7D04-495D-BF3B-B393A510D08C}.Release|iPhoneSimulator.ActiveCfg = Release|Any CPU
		{B4718CB1-7D04-495D-BF3B-B393A510D08C}.Release|iPhoneSimulator.Build.0 = Release|Any CPU
		{B4718CB1-7D04-495D-BF3B-B393A510D08C}.Release|iPhoneSimulator.Deploy.0 = Release|Any CPU
		{B4718CB1-7D04-495D-BF3B-B393A510D08C}.Release|x64.ActiveCfg = Release|Any CPU
		{B4718CB1-7D04-495D-BF3B-B393A510D08C}.Release|x64.Build.0 = Release|Any CPU
		{B4718CB1-7D04-495D-BF3B-B393A510D08C}.Release|x64.Deploy.0 = Release|Any CPU
		{B4718CB1-7D04-495D-BF3B-B393A510D08C}.Release|x86.ActiveCfg = Release|Any CPU
		{B4718CB1-7D04-495D-BF3B-B393A510D08C}.Release|x86.Build.0 = Release|Any CPU
		{B4718CB1-7D04-495D-BF3B-B393A510D08C}.Release|x86.Deploy.0 = Release|Any CPU
		{87D91680-3219-4004-B3BB-132E3B399636}.Ad-Hoc|Any CPU.ActiveCfg = Release|Any CPU
		{87D91680-3219-4004-B3BB-132E3B399636}.Ad-Hoc|Any CPU.Build.0 = Release|Any CPU
		{87D91680-3219-4004-B3BB-132E3B399636}.Ad-Hoc|ARM.ActiveCfg = Release|Any CPU
		{87D91680-3219-4004-B3BB-132E3B399636}.Ad-Hoc|ARM.Build.0 = Release|Any CPU
		{87D91680-3219-4004-B3BB-132E3B399636}.Ad-Hoc|iPhone.ActiveCfg = Release|Any CPU
		{87D91680-3219-4004-B3BB-132E3B399636}.Ad-Hoc|iPhone.Build.0 = Release|Any CPU
		{87D91680-3219-4004-B3BB-132E3B399636}.Ad-Hoc|iPhoneSimulator.ActiveCfg = Release|Any CPU
		{87D91680-3219-4004-B3BB-132E3B399636}.Ad-Hoc|iPhoneSimulator.Build.0 = Release|Any CPU
		{87D91680-3219-4004-B3BB-132E3B399636}.Ad-Hoc|x64.ActiveCfg = Release|Any CPU
		{87D91680-3219-4004-B3BB-132E3B399636}.Ad-Hoc|x64.Build.0 = Release|Any CPU
		{87D91680-3219-4004-B3BB-132E3B399636}.Ad-Hoc|x86.ActiveCfg = Release|Any CPU
		{87D91680-3219-4004-B3BB-132E3B399636}.Ad-Hoc|x86.Build.0 = Release|Any CPU
		{87D91680-3219-4004-B3BB-132E3B399636}.AppStore|Any CPU.ActiveCfg = Release|Any CPU
		{87D91680-3219-4004-B3BB-132E3B399636}.AppStore|Any CPU.Build.0 = Release|Any CPU
		{87D91680-3219-4004-B3BB-132E3B399636}.AppStore|ARM.ActiveCfg = Release|Any CPU
		{87D91680-3219-4004-B3BB-132E3B399636}.AppStore|ARM.Build.0 = Release|Any CPU
		{87D91680-3219-4004-B3BB-132E3B399636}.AppStore|iPhone.ActiveCfg = Release|Any CPU
		{87D91680-3219-4004-B3BB-132E3B399636}.AppStore|iPhone.Build.0 = Release|Any CPU
		{87D91680-3219-4004-B3BB-132E3B399636}.AppStore|iPhoneSimulator.ActiveCfg = Release|Any CPU
		{87D91680-3219-4004-B3BB-132E3B399636}.AppStore|iPhoneSimulator.Build.0 = Release|Any CPU
		{87D91680-3219-4004-B3BB-132E3B399636}.AppStore|x64.ActiveCfg = Release|Any CPU
		{87D91680-3219-4004-B3BB-132E3B399636}.AppStore|x64.Build.0 = Release|Any CPU
		{87D91680-3219-4004-B3BB-132E3B399636}.AppStore|x86.ActiveCfg = Release|Any CPU
		{87D91680-3219-4004-B3BB-132E3B399636}.AppStore|x86.Build.0 = Release|Any CPU
		{87D91680-3219-4004-B3BB-132E3B399636}.Debug|Any CPU.ActiveCfg = Debug|Any CPU
		{87D91680-3219-4004-B3BB-132E3B399636}.Debug|Any CPU.Build.0 = Debug|Any CPU
		{87D91680-3219-4004-B3BB-132E3B399636}.Debug|ARM.ActiveCfg = Debug|Any CPU
		{87D91680-3219-4004-B3BB-132E3B399636}.Debug|ARM.Build.0 = Debug|Any CPU
		{87D91680-3219-4004-B3BB-132E3B399636}.Debug|iPhone.ActiveCfg = Debug|Any CPU
		{87D91680-3219-4004-B3BB-132E3B399636}.Debug|iPhone.Build.0 = Debug|Any CPU
		{87D91680-3219-4004-B3BB-132E3B399636}.Debug|iPhoneSimulator.ActiveCfg = Debug|Any CPU
		{87D91680-3219-4004-B3BB-132E3B399636}.Debug|iPhoneSimulator.Build.0 = Debug|Any CPU
		{87D91680-3219-4004-B3BB-132E3B399636}.Debug|x64.ActiveCfg = Debug|Any CPU
		{87D91680-3219-4004-B3BB-132E3B399636}.Debug|x64.Build.0 = Debug|Any CPU
		{87D91680-3219-4004-B3BB-132E3B399636}.Debug|x86.ActiveCfg = Debug|Any CPU
		{87D91680-3219-4004-B3BB-132E3B399636}.Debug|x86.Build.0 = Debug|Any CPU
		{87D91680-3219-4004-B3BB-132E3B399636}.Release|Any CPU.ActiveCfg = Release|Any CPU
		{87D91680-3219-4004-B3BB-132E3B399636}.Release|Any CPU.Build.0 = Release|Any CPU
		{87D91680-3219-4004-B3BB-132E3B399636}.Release|ARM.ActiveCfg = Release|Any CPU
		{87D91680-3219-4004-B3BB-132E3B399636}.Release|ARM.Build.0 = Release|Any CPU
		{87D91680-3219-4004-B3BB-132E3B399636}.Release|iPhone.ActiveCfg = Release|Any CPU
		{87D91680-3219-4004-B3BB-132E3B399636}.Release|iPhone.Build.0 = Release|Any CPU
		{87D91680-3219-4004-B3BB-132E3B399636}.Release|iPhoneSimulator.ActiveCfg = Release|Any CPU
		{87D91680-3219-4004-B3BB-132E3B399636}.Release|iPhoneSimulator.Build.0 = Release|Any CPU
		{87D91680-3219-4004-B3BB-132E3B399636}.Release|x64.ActiveCfg = Release|Any CPU
		{87D91680-3219-4004-B3BB-132E3B399636}.Release|x64.Build.0 = Release|Any CPU
		{87D91680-3219-4004-B3BB-132E3B399636}.Release|x86.ActiveCfg = Release|Any CPU
		{87D91680-3219-4004-B3BB-132E3B399636}.Release|x86.Build.0 = Release|Any CPU
		{EA50BFDE-B41F-493F-8884-6F8337846DB7}.Ad-Hoc|Any CPU.ActiveCfg = Release|Any CPU
		{EA50BFDE-B41F-493F-8884-6F8337846DB7}.Ad-Hoc|Any CPU.Build.0 = Release|Any CPU
		{EA50BFDE-B41F-493F-8884-6F8337846DB7}.Ad-Hoc|ARM.ActiveCfg = Release|Any CPU
		{EA50BFDE-B41F-493F-8884-6F8337846DB7}.Ad-Hoc|ARM.Build.0 = Release|Any CPU
		{EA50BFDE-B41F-493F-8884-6F8337846DB7}.Ad-Hoc|iPhone.ActiveCfg = Release|Any CPU
		{EA50BFDE-B41F-493F-8884-6F8337846DB7}.Ad-Hoc|iPhone.Build.0 = Release|Any CPU
		{EA50BFDE-B41F-493F-8884-6F8337846DB7}.Ad-Hoc|iPhoneSimulator.ActiveCfg = Release|Any CPU
		{EA50BFDE-B41F-493F-8884-6F8337846DB7}.Ad-Hoc|iPhoneSimulator.Build.0 = Release|Any CPU
		{EA50BFDE-B41F-493F-8884-6F8337846DB7}.Ad-Hoc|x64.ActiveCfg = Release|Any CPU
		{EA50BFDE-B41F-493F-8884-6F8337846DB7}.Ad-Hoc|x64.Build.0 = Release|Any CPU
		{EA50BFDE-B41F-493F-8884-6F8337846DB7}.Ad-Hoc|x86.ActiveCfg = Release|Any CPU
		{EA50BFDE-B41F-493F-8884-6F8337846DB7}.Ad-Hoc|x86.Build.0 = Release|Any CPU
		{EA50BFDE-B41F-493F-8884-6F8337846DB7}.AppStore|Any CPU.ActiveCfg = Release|Any CPU
		{EA50BFDE-B41F-493F-8884-6F8337846DB7}.AppStore|Any CPU.Build.0 = Release|Any CPU
		{EA50BFDE-B41F-493F-8884-6F8337846DB7}.AppStore|ARM.ActiveCfg = Release|Any CPU
		{EA50BFDE-B41F-493F-8884-6F8337846DB7}.AppStore|ARM.Build.0 = Release|Any CPU
		{EA50BFDE-B41F-493F-8884-6F8337846DB7}.AppStore|iPhone.ActiveCfg = Release|Any CPU
		{EA50BFDE-B41F-493F-8884-6F8337846DB7}.AppStore|iPhone.Build.0 = Release|Any CPU
		{EA50BFDE-B41F-493F-8884-6F8337846DB7}.AppStore|iPhoneSimulator.ActiveCfg = Release|Any CPU
		{EA50BFDE-B41F-493F-8884-6F8337846DB7}.AppStore|iPhoneSimulator.Build.0 = Release|Any CPU
		{EA50BFDE-B41F-493F-8884-6F8337846DB7}.AppStore|x64.ActiveCfg = Release|Any CPU
		{EA50BFDE-B41F-493F-8884-6F8337846DB7}.AppStore|x64.Build.0 = Release|Any CPU
		{EA50BFDE-B41F-493F-8884-6F8337846DB7}.AppStore|x86.ActiveCfg = Release|Any CPU
		{EA50BFDE-B41F-493F-8884-6F8337846DB7}.AppStore|x86.Build.0 = Release|Any CPU
		{EA50BFDE-B41F-493F-8884-6F8337846DB7}.Debug|Any CPU.ActiveCfg = Debug|Any CPU
		{EA50BFDE-B41F-493F-8884-6F8337846DB7}.Debug|Any CPU.Build.0 = Debug|Any CPU
		{EA50BFDE-B41F-493F-8884-6F8337846DB7}.Debug|ARM.ActiveCfg = Debug|Any CPU
		{EA50BFDE-B41F-493F-8884-6F8337846DB7}.Debug|ARM.Build.0 = Debug|Any CPU
		{EA50BFDE-B41F-493F-8884-6F8337846DB7}.Debug|iPhone.ActiveCfg = Debug|Any CPU
		{EA50BFDE-B41F-493F-8884-6F8337846DB7}.Debug|iPhone.Build.0 = Debug|Any CPU
		{EA50BFDE-B41F-493F-8884-6F8337846DB7}.Debug|iPhoneSimulator.ActiveCfg = Debug|Any CPU
		{EA50BFDE-B41F-493F-8884-6F8337846DB7}.Debug|iPhoneSimulator.Build.0 = Debug|Any CPU
		{EA50BFDE-B41F-493F-8884-6F8337846DB7}.Debug|x64.ActiveCfg = Debug|Any CPU
		{EA50BFDE-B41F-493F-8884-6F8337846DB7}.Debug|x64.Build.0 = Debug|Any CPU
		{EA50BFDE-B41F-493F-8884-6F8337846DB7}.Debug|x86.ActiveCfg = Debug|Any CPU
		{EA50BFDE-B41F-493F-8884-6F8337846DB7}.Debug|x86.Build.0 = Debug|Any CPU
		{EA50BFDE-B41F-493F-8884-6F8337846DB7}.Release|Any CPU.ActiveCfg = Release|Any CPU
		{EA50BFDE-B41F-493F-8884-6F8337846DB7}.Release|Any CPU.Build.0 = Release|Any CPU
		{EA50BFDE-B41F-493F-8884-6F8337846DB7}.Release|ARM.ActiveCfg = Release|Any CPU
		{EA50BFDE-B41F-493F-8884-6F8337846DB7}.Release|ARM.Build.0 = Release|Any CPU
		{EA50BFDE-B41F-493F-8884-6F8337846DB7}.Release|iPhone.ActiveCfg = Release|Any CPU
		{EA50BFDE-B41F-493F-8884-6F8337846DB7}.Release|iPhone.Build.0 = Release|Any CPU
		{EA50BFDE-B41F-493F-8884-6F8337846DB7}.Release|iPhoneSimulator.ActiveCfg = Release|Any CPU
		{EA50BFDE-B41F-493F-8884-6F8337846DB7}.Release|iPhoneSimulator.Build.0 = Release|Any CPU
		{EA50BFDE-B41F-493F-8884-6F8337846DB7}.Release|x64.ActiveCfg = Release|Any CPU
		{EA50BFDE-B41F-493F-8884-6F8337846DB7}.Release|x64.Build.0 = Release|Any CPU
		{EA50BFDE-B41F-493F-8884-6F8337846DB7}.Release|x86.ActiveCfg = Release|Any CPU
		{EA50BFDE-B41F-493F-8884-6F8337846DB7}.Release|x86.Build.0 = Release|Any CPU
		{43BB64EC-AFF8-4B56-8F09-489AFCF56BF1}.Ad-Hoc|Any CPU.ActiveCfg = Release|Any CPU
		{43BB64EC-AFF8-4B56-8F09-489AFCF56BF1}.Ad-Hoc|Any CPU.Build.0 = Release|Any CPU
		{43BB64EC-AFF8-4B56-8F09-489AFCF56BF1}.Ad-Hoc|ARM.ActiveCfg = Release|Any CPU
		{43BB64EC-AFF8-4B56-8F09-489AFCF56BF1}.Ad-Hoc|ARM.Build.0 = Release|Any CPU
		{43BB64EC-AFF8-4B56-8F09-489AFCF56BF1}.Ad-Hoc|iPhone.ActiveCfg = Release|Any CPU
		{43BB64EC-AFF8-4B56-8F09-489AFCF56BF1}.Ad-Hoc|iPhone.Build.0 = Release|Any CPU
		{43BB64EC-AFF8-4B56-8F09-489AFCF56BF1}.Ad-Hoc|iPhoneSimulator.ActiveCfg = Release|Any CPU
		{43BB64EC-AFF8-4B56-8F09-489AFCF56BF1}.Ad-Hoc|iPhoneSimulator.Build.0 = Release|Any CPU
		{43BB64EC-AFF8-4B56-8F09-489AFCF56BF1}.Ad-Hoc|x64.ActiveCfg = Release|Any CPU
		{43BB64EC-AFF8-4B56-8F09-489AFCF56BF1}.Ad-Hoc|x64.Build.0 = Release|Any CPU
		{43BB64EC-AFF8-4B56-8F09-489AFCF56BF1}.Ad-Hoc|x86.ActiveCfg = Release|Any CPU
		{43BB64EC-AFF8-4B56-8F09-489AFCF56BF1}.Ad-Hoc|x86.Build.0 = Release|Any CPU
		{43BB64EC-AFF8-4B56-8F09-489AFCF56BF1}.AppStore|Any CPU.ActiveCfg = Release|Any CPU
		{43BB64EC-AFF8-4B56-8F09-489AFCF56BF1}.AppStore|Any CPU.Build.0 = Release|Any CPU
		{43BB64EC-AFF8-4B56-8F09-489AFCF56BF1}.AppStore|ARM.ActiveCfg = Release|Any CPU
		{43BB64EC-AFF8-4B56-8F09-489AFCF56BF1}.AppStore|ARM.Build.0 = Release|Any CPU
		{43BB64EC-AFF8-4B56-8F09-489AFCF56BF1}.AppStore|iPhone.ActiveCfg = Release|Any CPU
		{43BB64EC-AFF8-4B56-8F09-489AFCF56BF1}.AppStore|iPhone.Build.0 = Release|Any CPU
		{43BB64EC-AFF8-4B56-8F09-489AFCF56BF1}.AppStore|iPhoneSimulator.ActiveCfg = Release|Any CPU
		{43BB64EC-AFF8-4B56-8F09-489AFCF56BF1}.AppStore|iPhoneSimulator.Build.0 = Release|Any CPU
		{43BB64EC-AFF8-4B56-8F09-489AFCF56BF1}.AppStore|x64.ActiveCfg = Release|Any CPU
		{43BB64EC-AFF8-4B56-8F09-489AFCF56BF1}.AppStore|x64.Build.0 = Release|Any CPU
		{43BB64EC-AFF8-4B56-8F09-489AFCF56BF1}.AppStore|x86.ActiveCfg = Release|Any CPU
		{43BB64EC-AFF8-4B56-8F09-489AFCF56BF1}.AppStore|x86.Build.0 = Release|Any CPU
		{43BB64EC-AFF8-4B56-8F09-489AFCF56BF1}.Debug|Any CPU.ActiveCfg = Debug|Any CPU
		{43BB64EC-AFF8-4B56-8F09-489AFCF56BF1}.Debug|Any CPU.Build.0 = Debug|Any CPU
		{43BB64EC-AFF8-4B56-8F09-489AFCF56BF1}.Debug|ARM.ActiveCfg = Debug|Any CPU
		{43BB64EC-AFF8-4B56-8F09-489AFCF56BF1}.Debug|ARM.Build.0 = Debug|Any CPU
		{43BB64EC-AFF8-4B56-8F09-489AFCF56BF1}.Debug|iPhone.ActiveCfg = Debug|Any CPU
		{43BB64EC-AFF8-4B56-8F09-489AFCF56BF1}.Debug|iPhone.Build.0 = Debug|Any CPU
		{43BB64EC-AFF8-4B56-8F09-489AFCF56BF1}.Debug|iPhoneSimulator.ActiveCfg = Debug|Any CPU
		{43BB64EC-AFF8-4B56-8F09-489AFCF56BF1}.Debug|iPhoneSimulator.Build.0 = Debug|Any CPU
		{43BB64EC-AFF8-4B56-8F09-489AFCF56BF1}.Debug|x64.ActiveCfg = Debug|Any CPU
		{43BB64EC-AFF8-4B56-8F09-489AFCF56BF1}.Debug|x64.Build.0 = Debug|Any CPU
		{43BB64EC-AFF8-4B56-8F09-489AFCF56BF1}.Debug|x86.ActiveCfg = Debug|Any CPU
		{43BB64EC-AFF8-4B56-8F09-489AFCF56BF1}.Debug|x86.Build.0 = Debug|Any CPU
		{43BB64EC-AFF8-4B56-8F09-489AFCF56BF1}.Release|Any CPU.ActiveCfg = Release|Any CPU
		{43BB64EC-AFF8-4B56-8F09-489AFCF56BF1}.Release|Any CPU.Build.0 = Release|Any CPU
		{43BB64EC-AFF8-4B56-8F09-489AFCF56BF1}.Release|ARM.ActiveCfg = Release|Any CPU
		{43BB64EC-AFF8-4B56-8F09-489AFCF56BF1}.Release|ARM.Build.0 = Release|Any CPU
		{43BB64EC-AFF8-4B56-8F09-489AFCF56BF1}.Release|iPhone.ActiveCfg = Release|Any CPU
		{43BB64EC-AFF8-4B56-8F09-489AFCF56BF1}.Release|iPhone.Build.0 = Release|Any CPU
		{43BB64EC-AFF8-4B56-8F09-489AFCF56BF1}.Release|iPhoneSimulator.ActiveCfg = Release|Any CPU
		{43BB64EC-AFF8-4B56-8F09-489AFCF56BF1}.Release|iPhoneSimulator.Build.0 = Release|Any CPU
		{43BB64EC-AFF8-4B56-8F09-489AFCF56BF1}.Release|x64.ActiveCfg = Release|Any CPU
		{43BB64EC-AFF8-4B56-8F09-489AFCF56BF1}.Release|x64.Build.0 = Release|Any CPU
		{43BB64EC-AFF8-4B56-8F09-489AFCF56BF1}.Release|x86.ActiveCfg = Release|Any CPU
		{43BB64EC-AFF8-4B56-8F09-489AFCF56BF1}.Release|x86.Build.0 = Release|Any CPU
		{FD579BC6-6BEB-42DB-9779-2571AE348D62}.Ad-Hoc|Any CPU.ActiveCfg = Release|Any CPU
		{FD579BC6-6BEB-42DB-9779-2571AE348D62}.Ad-Hoc|Any CPU.Build.0 = Release|Any CPU
		{FD579BC6-6BEB-42DB-9779-2571AE348D62}.Ad-Hoc|ARM.ActiveCfg = Release|Any CPU
		{FD579BC6-6BEB-42DB-9779-2571AE348D62}.Ad-Hoc|ARM.Build.0 = Release|Any CPU
		{FD579BC6-6BEB-42DB-9779-2571AE348D62}.Ad-Hoc|iPhone.ActiveCfg = Release|Any CPU
		{FD579BC6-6BEB-42DB-9779-2571AE348D62}.Ad-Hoc|iPhone.Build.0 = Release|Any CPU
		{FD579BC6-6BEB-42DB-9779-2571AE348D62}.Ad-Hoc|iPhoneSimulator.ActiveCfg = Release|Any CPU
		{FD579BC6-6BEB-42DB-9779-2571AE348D62}.Ad-Hoc|iPhoneSimulator.Build.0 = Release|Any CPU
		{FD579BC6-6BEB-42DB-9779-2571AE348D62}.Ad-Hoc|x64.ActiveCfg = Release|Any CPU
		{FD579BC6-6BEB-42DB-9779-2571AE348D62}.Ad-Hoc|x64.Build.0 = Release|Any CPU
		{FD579BC6-6BEB-42DB-9779-2571AE348D62}.Ad-Hoc|x86.ActiveCfg = Release|Any CPU
		{FD579BC6-6BEB-42DB-9779-2571AE348D62}.Ad-Hoc|x86.Build.0 = Release|Any CPU
		{FD579BC6-6BEB-42DB-9779-2571AE348D62}.AppStore|Any CPU.ActiveCfg = Release|Any CPU
		{FD579BC6-6BEB-42DB-9779-2571AE348D62}.AppStore|Any CPU.Build.0 = Release|Any CPU
		{FD579BC6-6BEB-42DB-9779-2571AE348D62}.AppStore|ARM.ActiveCfg = Release|Any CPU
		{FD579BC6-6BEB-42DB-9779-2571AE348D62}.AppStore|ARM.Build.0 = Release|Any CPU
		{FD579BC6-6BEB-42DB-9779-2571AE348D62}.AppStore|iPhone.ActiveCfg = Release|Any CPU
		{FD579BC6-6BEB-42DB-9779-2571AE348D62}.AppStore|iPhone.Build.0 = Release|Any CPU
		{FD579BC6-6BEB-42DB-9779-2571AE348D62}.AppStore|iPhoneSimulator.ActiveCfg = Release|Any CPU
		{FD579BC6-6BEB-42DB-9779-2571AE348D62}.AppStore|iPhoneSimulator.Build.0 = Release|Any CPU
		{FD579BC6-6BEB-42DB-9779-2571AE348D62}.AppStore|x64.ActiveCfg = Release|Any CPU
		{FD579BC6-6BEB-42DB-9779-2571AE348D62}.AppStore|x64.Build.0 = Release|Any CPU
		{FD579BC6-6BEB-42DB-9779-2571AE348D62}.AppStore|x86.ActiveCfg = Release|Any CPU
		{FD579BC6-6BEB-42DB-9779-2571AE348D62}.AppStore|x86.Build.0 = Release|Any CPU
		{FD579BC6-6BEB-42DB-9779-2571AE348D62}.Debug|Any CPU.ActiveCfg = Debug|Any CPU
		{FD579BC6-6BEB-42DB-9779-2571AE348D62}.Debug|Any CPU.Build.0 = Debug|Any CPU
		{FD579BC6-6BEB-42DB-9779-2571AE348D62}.Debug|ARM.ActiveCfg = Debug|Any CPU
		{FD579BC6-6BEB-42DB-9779-2571AE348D62}.Debug|ARM.Build.0 = Debug|Any CPU
		{FD579BC6-6BEB-42DB-9779-2571AE348D62}.Debug|iPhone.ActiveCfg = Debug|Any CPU
		{FD579BC6-6BEB-42DB-9779-2571AE348D62}.Debug|iPhone.Build.0 = Debug|Any CPU
		{FD579BC6-6BEB-42DB-9779-2571AE348D62}.Debug|iPhoneSimulator.ActiveCfg = Debug|Any CPU
		{FD579BC6-6BEB-42DB-9779-2571AE348D62}.Debug|iPhoneSimulator.Build.0 = Debug|Any CPU
		{FD579BC6-6BEB-42DB-9779-2571AE348D62}.Debug|x64.ActiveCfg = Debug|Any CPU
		{FD579BC6-6BEB-42DB-9779-2571AE348D62}.Debug|x64.Build.0 = Debug|Any CPU
		{FD579BC6-6BEB-42DB-9779-2571AE348D62}.Debug|x86.ActiveCfg = Debug|Any CPU
		{FD579BC6-6BEB-42DB-9779-2571AE348D62}.Debug|x86.Build.0 = Debug|Any CPU
		{FD579BC6-6BEB-42DB-9779-2571AE348D62}.Release|Any CPU.ActiveCfg = Release|Any CPU
		{FD579BC6-6BEB-42DB-9779-2571AE348D62}.Release|Any CPU.Build.0 = Release|Any CPU
		{FD579BC6-6BEB-42DB-9779-2571AE348D62}.Release|ARM.ActiveCfg = Release|Any CPU
		{FD579BC6-6BEB-42DB-9779-2571AE348D62}.Release|ARM.Build.0 = Release|Any CPU
		{FD579BC6-6BEB-42DB-9779-2571AE348D62}.Release|iPhone.ActiveCfg = Release|Any CPU
		{FD579BC6-6BEB-42DB-9779-2571AE348D62}.Release|iPhone.Build.0 = Release|Any CPU
		{FD579BC6-6BEB-42DB-9779-2571AE348D62}.Release|iPhoneSimulator.ActiveCfg = Release|Any CPU
		{FD579BC6-6BEB-42DB-9779-2571AE348D62}.Release|iPhoneSimulator.Build.0 = Release|Any CPU
		{FD579BC6-6BEB-42DB-9779-2571AE348D62}.Release|x64.ActiveCfg = Release|Any CPU
		{FD579BC6-6BEB-42DB-9779-2571AE348D62}.Release|x64.Build.0 = Release|Any CPU
		{FD579BC6-6BEB-42DB-9779-2571AE348D62}.Release|x86.ActiveCfg = Release|Any CPU
		{FD579BC6-6BEB-42DB-9779-2571AE348D62}.Release|x86.Build.0 = Release|Any CPU
		{B0C1E061-F250-4131-B64D-C68544AE8BD4}.Ad-Hoc|Any CPU.ActiveCfg = Release|Any CPU
		{B0C1E061-F250-4131-B64D-C68544AE8BD4}.Ad-Hoc|Any CPU.Build.0 = Release|Any CPU
		{B0C1E061-F250-4131-B64D-C68544AE8BD4}.Ad-Hoc|ARM.ActiveCfg = Release|Any CPU
		{B0C1E061-F250-4131-B64D-C68544AE8BD4}.Ad-Hoc|ARM.Build.0 = Release|Any CPU
		{B0C1E061-F250-4131-B64D-C68544AE8BD4}.Ad-Hoc|iPhone.ActiveCfg = Release|Any CPU
		{B0C1E061-F250-4131-B64D-C68544AE8BD4}.Ad-Hoc|iPhone.Build.0 = Release|Any CPU
		{B0C1E061-F250-4131-B64D-C68544AE8BD4}.Ad-Hoc|iPhoneSimulator.ActiveCfg = Release|Any CPU
		{B0C1E061-F250-4131-B64D-C68544AE8BD4}.Ad-Hoc|iPhoneSimulator.Build.0 = Release|Any CPU
		{B0C1E061-F250-4131-B64D-C68544AE8BD4}.Ad-Hoc|x64.ActiveCfg = Release|Any CPU
		{B0C1E061-F250-4131-B64D-C68544AE8BD4}.Ad-Hoc|x64.Build.0 = Release|Any CPU
		{B0C1E061-F250-4131-B64D-C68544AE8BD4}.Ad-Hoc|x86.ActiveCfg = Release|Any CPU
		{B0C1E061-F250-4131-B64D-C68544AE8BD4}.Ad-Hoc|x86.Build.0 = Release|Any CPU
		{B0C1E061-F250-4131-B64D-C68544AE8BD4}.AppStore|Any CPU.ActiveCfg = Release|Any CPU
		{B0C1E061-F250-4131-B64D-C68544AE8BD4}.AppStore|Any CPU.Build.0 = Release|Any CPU
		{B0C1E061-F250-4131-B64D-C68544AE8BD4}.AppStore|ARM.ActiveCfg = Release|Any CPU
		{B0C1E061-F250-4131-B64D-C68544AE8BD4}.AppStore|ARM.Build.0 = Release|Any CPU
		{B0C1E061-F250-4131-B64D-C68544AE8BD4}.AppStore|iPhone.ActiveCfg = Release|Any CPU
		{B0C1E061-F250-4131-B64D-C68544AE8BD4}.AppStore|iPhone.Build.0 = Release|Any CPU
		{B0C1E061-F250-4131-B64D-C68544AE8BD4}.AppStore|iPhoneSimulator.ActiveCfg = Release|Any CPU
		{B0C1E061-F250-4131-B64D-C68544AE8BD4}.AppStore|iPhoneSimulator.Build.0 = Release|Any CPU
		{B0C1E061-F250-4131-B64D-C68544AE8BD4}.AppStore|x64.ActiveCfg = Release|Any CPU
		{B0C1E061-F250-4131-B64D-C68544AE8BD4}.AppStore|x64.Build.0 = Release|Any CPU
		{B0C1E061-F250-4131-B64D-C68544AE8BD4}.AppStore|x86.ActiveCfg = Release|Any CPU
		{B0C1E061-F250-4131-B64D-C68544AE8BD4}.AppStore|x86.Build.0 = Release|Any CPU
		{B0C1E061-F250-4131-B64D-C68544AE8BD4}.Debug|Any CPU.ActiveCfg = Debug|Any CPU
		{B0C1E061-F250-4131-B64D-C68544AE8BD4}.Debug|Any CPU.Build.0 = Debug|Any CPU
		{B0C1E061-F250-4131-B64D-C68544AE8BD4}.Debug|ARM.ActiveCfg = Debug|Any CPU
		{B0C1E061-F250-4131-B64D-C68544AE8BD4}.Debug|ARM.Build.0 = Debug|Any CPU
		{B0C1E061-F250-4131-B64D-C68544AE8BD4}.Debug|iPhone.ActiveCfg = Debug|Any CPU
		{B0C1E061-F250-4131-B64D-C68544AE8BD4}.Debug|iPhone.Build.0 = Debug|Any CPU
		{B0C1E061-F250-4131-B64D-C68544AE8BD4}.Debug|iPhoneSimulator.ActiveCfg = Debug|Any CPU
		{B0C1E061-F250-4131-B64D-C68544AE8BD4}.Debug|iPhoneSimulator.Build.0 = Debug|Any CPU
		{B0C1E061-F250-4131-B64D-C68544AE8BD4}.Debug|x64.ActiveCfg = Debug|Any CPU
		{B0C1E061-F250-4131-B64D-C68544AE8BD4}.Debug|x64.Build.0 = Debug|Any CPU
		{B0C1E061-F250-4131-B64D-C68544AE8BD4}.Debug|x86.ActiveCfg = Debug|Any CPU
		{B0C1E061-F250-4131-B64D-C68544AE8BD4}.Debug|x86.Build.0 = Debug|Any CPU
		{B0C1E061-F250-4131-B64D-C68544AE8BD4}.Release|Any CPU.ActiveCfg = Release|Any CPU
		{B0C1E061-F250-4131-B64D-C68544AE8BD4}.Release|Any CPU.Build.0 = Release|Any CPU
		{B0C1E061-F250-4131-B64D-C68544AE8BD4}.Release|ARM.ActiveCfg = Release|Any CPU
		{B0C1E061-F250-4131-B64D-C68544AE8BD4}.Release|ARM.Build.0 = Release|Any CPU
		{B0C1E061-F250-4131-B64D-C68544AE8BD4}.Release|iPhone.ActiveCfg = Release|Any CPU
		{B0C1E061-F250-4131-B64D-C68544AE8BD4}.Release|iPhone.Build.0 = Release|Any CPU
		{B0C1E061-F250-4131-B64D-C68544AE8BD4}.Release|iPhoneSimulator.ActiveCfg = Release|Any CPU
		{B0C1E061-F250-4131-B64D-C68544AE8BD4}.Release|iPhoneSimulator.Build.0 = Release|Any CPU
		{B0C1E061-F250-4131-B64D-C68544AE8BD4}.Release|x64.ActiveCfg = Release|Any CPU
		{B0C1E061-F250-4131-B64D-C68544AE8BD4}.Release|x64.Build.0 = Release|Any CPU
		{B0C1E061-F250-4131-B64D-C68544AE8BD4}.Release|x86.ActiveCfg = Release|Any CPU
		{B0C1E061-F250-4131-B64D-C68544AE8BD4}.Release|x86.Build.0 = Release|Any CPU
		{77E1EC66-6B30-46A3-B396-BE908E8F31F9}.Ad-Hoc|Any CPU.ActiveCfg = Release|Any CPU
		{77E1EC66-6B30-46A3-B396-BE908E8F31F9}.Ad-Hoc|Any CPU.Build.0 = Release|Any CPU
		{77E1EC66-6B30-46A3-B396-BE908E8F31F9}.Ad-Hoc|ARM.ActiveCfg = Release|Any CPU
		{77E1EC66-6B30-46A3-B396-BE908E8F31F9}.Ad-Hoc|ARM.Build.0 = Release|Any CPU
		{77E1EC66-6B30-46A3-B396-BE908E8F31F9}.Ad-Hoc|iPhone.ActiveCfg = Release|Any CPU
		{77E1EC66-6B30-46A3-B396-BE908E8F31F9}.Ad-Hoc|iPhone.Build.0 = Release|Any CPU
		{77E1EC66-6B30-46A3-B396-BE908E8F31F9}.Ad-Hoc|iPhoneSimulator.ActiveCfg = Release|Any CPU
		{77E1EC66-6B30-46A3-B396-BE908E8F31F9}.Ad-Hoc|iPhoneSimulator.Build.0 = Release|Any CPU
		{77E1EC66-6B30-46A3-B396-BE908E8F31F9}.Ad-Hoc|x64.ActiveCfg = Release|Any CPU
		{77E1EC66-6B30-46A3-B396-BE908E8F31F9}.Ad-Hoc|x64.Build.0 = Release|Any CPU
		{77E1EC66-6B30-46A3-B396-BE908E8F31F9}.Ad-Hoc|x86.ActiveCfg = Release|Any CPU
		{77E1EC66-6B30-46A3-B396-BE908E8F31F9}.Ad-Hoc|x86.Build.0 = Release|Any CPU
		{77E1EC66-6B30-46A3-B396-BE908E8F31F9}.AppStore|Any CPU.ActiveCfg = Release|Any CPU
		{77E1EC66-6B30-46A3-B396-BE908E8F31F9}.AppStore|Any CPU.Build.0 = Release|Any CPU
		{77E1EC66-6B30-46A3-B396-BE908E8F31F9}.AppStore|ARM.ActiveCfg = Release|Any CPU
		{77E1EC66-6B30-46A3-B396-BE908E8F31F9}.AppStore|ARM.Build.0 = Release|Any CPU
		{77E1EC66-6B30-46A3-B396-BE908E8F31F9}.AppStore|iPhone.ActiveCfg = Release|Any CPU
		{77E1EC66-6B30-46A3-B396-BE908E8F31F9}.AppStore|iPhone.Build.0 = Release|Any CPU
		{77E1EC66-6B30-46A3-B396-BE908E8F31F9}.AppStore|iPhoneSimulator.ActiveCfg = Release|Any CPU
		{77E1EC66-6B30-46A3-B396-BE908E8F31F9}.AppStore|iPhoneSimulator.Build.0 = Release|Any CPU
		{77E1EC66-6B30-46A3-B396-BE908E8F31F9}.AppStore|x64.ActiveCfg = Release|Any CPU
		{77E1EC66-6B30-46A3-B396-BE908E8F31F9}.AppStore|x64.Build.0 = Release|Any CPU
		{77E1EC66-6B30-46A3-B396-BE908E8F31F9}.AppStore|x86.ActiveCfg = Release|Any CPU
		{77E1EC66-6B30-46A3-B396-BE908E8F31F9}.AppStore|x86.Build.0 = Release|Any CPU
		{77E1EC66-6B30-46A3-B396-BE908E8F31F9}.Debug|Any CPU.ActiveCfg = Debug|Any CPU
		{77E1EC66-6B30-46A3-B396-BE908E8F31F9}.Debug|Any CPU.Build.0 = Debug|Any CPU
		{77E1EC66-6B30-46A3-B396-BE908E8F31F9}.Debug|ARM.ActiveCfg = Debug|Any CPU
		{77E1EC66-6B30-46A3-B396-BE908E8F31F9}.Debug|ARM.Build.0 = Debug|Any CPU
		{77E1EC66-6B30-46A3-B396-BE908E8F31F9}.Debug|iPhone.ActiveCfg = Debug|Any CPU
		{77E1EC66-6B30-46A3-B396-BE908E8F31F9}.Debug|iPhone.Build.0 = Debug|Any CPU
		{77E1EC66-6B30-46A3-B396-BE908E8F31F9}.Debug|iPhoneSimulator.ActiveCfg = Debug|Any CPU
		{77E1EC66-6B30-46A3-B396-BE908E8F31F9}.Debug|iPhoneSimulator.Build.0 = Debug|Any CPU
		{77E1EC66-6B30-46A3-B396-BE908E8F31F9}.Debug|x64.ActiveCfg = Debug|Any CPU
		{77E1EC66-6B30-46A3-B396-BE908E8F31F9}.Debug|x64.Build.0 = Debug|Any CPU
		{77E1EC66-6B30-46A3-B396-BE908E8F31F9}.Debug|x86.ActiveCfg = Debug|Any CPU
		{77E1EC66-6B30-46A3-B396-BE908E8F31F9}.Debug|x86.Build.0 = Debug|Any CPU
		{77E1EC66-6B30-46A3-B396-BE908E8F31F9}.Release|Any CPU.ActiveCfg = Release|Any CPU
		{77E1EC66-6B30-46A3-B396-BE908E8F31F9}.Release|Any CPU.Build.0 = Release|Any CPU
		{77E1EC66-6B30-46A3-B396-BE908E8F31F9}.Release|ARM.ActiveCfg = Release|Any CPU
		{77E1EC66-6B30-46A3-B396-BE908E8F31F9}.Release|ARM.Build.0 = Release|Any CPU
		{77E1EC66-6B30-46A3-B396-BE908E8F31F9}.Release|iPhone.ActiveCfg = Release|Any CPU
		{77E1EC66-6B30-46A3-B396-BE908E8F31F9}.Release|iPhone.Build.0 = Release|Any CPU
		{77E1EC66-6B30-46A3-B396-BE908E8F31F9}.Release|iPhoneSimulator.ActiveCfg = Release|Any CPU
		{77E1EC66-6B30-46A3-B396-BE908E8F31F9}.Release|iPhoneSimulator.Build.0 = Release|Any CPU
		{77E1EC66-6B30-46A3-B396-BE908E8F31F9}.Release|x64.ActiveCfg = Release|Any CPU
		{77E1EC66-6B30-46A3-B396-BE908E8F31F9}.Release|x64.Build.0 = Release|Any CPU
		{77E1EC66-6B30-46A3-B396-BE908E8F31F9}.Release|x86.ActiveCfg = Release|Any CPU
		{77E1EC66-6B30-46A3-B396-BE908E8F31F9}.Release|x86.Build.0 = Release|Any CPU
		{16C21B57-CD9A-4DEF-8E64-ED3374BBB94A}.Ad-Hoc|Any CPU.ActiveCfg = Release|Any CPU
		{16C21B57-CD9A-4DEF-8E64-ED3374BBB94A}.Ad-Hoc|Any CPU.Build.0 = Release|Any CPU
		{16C21B57-CD9A-4DEF-8E64-ED3374BBB94A}.Ad-Hoc|ARM.ActiveCfg = Release|Any CPU
		{16C21B57-CD9A-4DEF-8E64-ED3374BBB94A}.Ad-Hoc|ARM.Build.0 = Release|Any CPU
		{16C21B57-CD9A-4DEF-8E64-ED3374BBB94A}.Ad-Hoc|iPhone.ActiveCfg = Release|Any CPU
		{16C21B57-CD9A-4DEF-8E64-ED3374BBB94A}.Ad-Hoc|iPhone.Build.0 = Release|Any CPU
		{16C21B57-CD9A-4DEF-8E64-ED3374BBB94A}.Ad-Hoc|iPhoneSimulator.ActiveCfg = Release|Any CPU
		{16C21B57-CD9A-4DEF-8E64-ED3374BBB94A}.Ad-Hoc|iPhoneSimulator.Build.0 = Release|Any CPU
		{16C21B57-CD9A-4DEF-8E64-ED3374BBB94A}.Ad-Hoc|x64.ActiveCfg = Release|Any CPU
		{16C21B57-CD9A-4DEF-8E64-ED3374BBB94A}.Ad-Hoc|x64.Build.0 = Release|Any CPU
		{16C21B57-CD9A-4DEF-8E64-ED3374BBB94A}.Ad-Hoc|x86.ActiveCfg = Release|Any CPU
		{16C21B57-CD9A-4DEF-8E64-ED3374BBB94A}.Ad-Hoc|x86.Build.0 = Release|Any CPU
		{16C21B57-CD9A-4DEF-8E64-ED3374BBB94A}.AppStore|Any CPU.ActiveCfg = Release|Any CPU
		{16C21B57-CD9A-4DEF-8E64-ED3374BBB94A}.AppStore|Any CPU.Build.0 = Release|Any CPU
		{16C21B57-CD9A-4DEF-8E64-ED3374BBB94A}.AppStore|ARM.ActiveCfg = Release|Any CPU
		{16C21B57-CD9A-4DEF-8E64-ED3374BBB94A}.AppStore|ARM.Build.0 = Release|Any CPU
		{16C21B57-CD9A-4DEF-8E64-ED3374BBB94A}.AppStore|iPhone.ActiveCfg = Release|Any CPU
		{16C21B57-CD9A-4DEF-8E64-ED3374BBB94A}.AppStore|iPhone.Build.0 = Release|Any CPU
		{16C21B57-CD9A-4DEF-8E64-ED3374BBB94A}.AppStore|iPhoneSimulator.ActiveCfg = Release|Any CPU
		{16C21B57-CD9A-4DEF-8E64-ED3374BBB94A}.AppStore|iPhoneSimulator.Build.0 = Release|Any CPU
		{16C21B57-CD9A-4DEF-8E64-ED3374BBB94A}.AppStore|x64.ActiveCfg = Release|Any CPU
		{16C21B57-CD9A-4DEF-8E64-ED3374BBB94A}.AppStore|x64.Build.0 = Release|Any CPU
		{16C21B57-CD9A-4DEF-8E64-ED3374BBB94A}.AppStore|x86.ActiveCfg = Release|Any CPU
		{16C21B57-CD9A-4DEF-8E64-ED3374BBB94A}.AppStore|x86.Build.0 = Release|Any CPU
		{16C21B57-CD9A-4DEF-8E64-ED3374BBB94A}.Debug|Any CPU.ActiveCfg = Debug|Any CPU
		{16C21B57-CD9A-4DEF-8E64-ED3374BBB94A}.Debug|Any CPU.Build.0 = Debug|Any CPU
		{16C21B57-CD9A-4DEF-8E64-ED3374BBB94A}.Debug|ARM.ActiveCfg = Debug|Any CPU
		{16C21B57-CD9A-4DEF-8E64-ED3374BBB94A}.Debug|ARM.Build.0 = Debug|Any CPU
		{16C21B57-CD9A-4DEF-8E64-ED3374BBB94A}.Debug|iPhone.ActiveCfg = Debug|Any CPU
		{16C21B57-CD9A-4DEF-8E64-ED3374BBB94A}.Debug|iPhone.Build.0 = Debug|Any CPU
		{16C21B57-CD9A-4DEF-8E64-ED3374BBB94A}.Debug|iPhoneSimulator.ActiveCfg = Debug|Any CPU
		{16C21B57-CD9A-4DEF-8E64-ED3374BBB94A}.Debug|iPhoneSimulator.Build.0 = Debug|Any CPU
		{16C21B57-CD9A-4DEF-8E64-ED3374BBB94A}.Debug|x64.ActiveCfg = Debug|Any CPU
		{16C21B57-CD9A-4DEF-8E64-ED3374BBB94A}.Debug|x64.Build.0 = Debug|Any CPU
		{16C21B57-CD9A-4DEF-8E64-ED3374BBB94A}.Debug|x86.ActiveCfg = Debug|Any CPU
		{16C21B57-CD9A-4DEF-8E64-ED3374BBB94A}.Debug|x86.Build.0 = Debug|Any CPU
		{16C21B57-CD9A-4DEF-8E64-ED3374BBB94A}.Release|Any CPU.ActiveCfg = Release|Any CPU
		{16C21B57-CD9A-4DEF-8E64-ED3374BBB94A}.Release|Any CPU.Build.0 = Release|Any CPU
		{16C21B57-CD9A-4DEF-8E64-ED3374BBB94A}.Release|ARM.ActiveCfg = Release|Any CPU
		{16C21B57-CD9A-4DEF-8E64-ED3374BBB94A}.Release|ARM.Build.0 = Release|Any CPU
		{16C21B57-CD9A-4DEF-8E64-ED3374BBB94A}.Release|iPhone.ActiveCfg = Release|Any CPU
		{16C21B57-CD9A-4DEF-8E64-ED3374BBB94A}.Release|iPhone.Build.0 = Release|Any CPU
		{16C21B57-CD9A-4DEF-8E64-ED3374BBB94A}.Release|iPhoneSimulator.ActiveCfg = Release|Any CPU
		{16C21B57-CD9A-4DEF-8E64-ED3374BBB94A}.Release|iPhoneSimulator.Build.0 = Release|Any CPU
		{16C21B57-CD9A-4DEF-8E64-ED3374BBB94A}.Release|x64.ActiveCfg = Release|Any CPU
		{16C21B57-CD9A-4DEF-8E64-ED3374BBB94A}.Release|x64.Build.0 = Release|Any CPU
		{16C21B57-CD9A-4DEF-8E64-ED3374BBB94A}.Release|x86.ActiveCfg = Release|Any CPU
		{16C21B57-CD9A-4DEF-8E64-ED3374BBB94A}.Release|x86.Build.0 = Release|Any CPU
		{11F1EFED-9DDA-4B22-A8EF-DC9217D30506}.Ad-Hoc|Any CPU.ActiveCfg = Release|Any CPU
		{11F1EFED-9DDA-4B22-A8EF-DC9217D30506}.Ad-Hoc|Any CPU.Build.0 = Release|Any CPU
		{11F1EFED-9DDA-4B22-A8EF-DC9217D30506}.Ad-Hoc|Any CPU.Deploy.0 = Release|Any CPU
		{11F1EFED-9DDA-4B22-A8EF-DC9217D30506}.Ad-Hoc|ARM.ActiveCfg = Release|Any CPU
		{11F1EFED-9DDA-4B22-A8EF-DC9217D30506}.Ad-Hoc|ARM.Build.0 = Release|Any CPU
		{11F1EFED-9DDA-4B22-A8EF-DC9217D30506}.Ad-Hoc|ARM.Deploy.0 = Release|Any CPU
		{11F1EFED-9DDA-4B22-A8EF-DC9217D30506}.Ad-Hoc|iPhone.ActiveCfg = Release|Any CPU
		{11F1EFED-9DDA-4B22-A8EF-DC9217D30506}.Ad-Hoc|iPhone.Build.0 = Release|Any CPU
		{11F1EFED-9DDA-4B22-A8EF-DC9217D30506}.Ad-Hoc|iPhone.Deploy.0 = Release|Any CPU
		{11F1EFED-9DDA-4B22-A8EF-DC9217D30506}.Ad-Hoc|iPhoneSimulator.ActiveCfg = Release|Any CPU
		{11F1EFED-9DDA-4B22-A8EF-DC9217D30506}.Ad-Hoc|iPhoneSimulator.Build.0 = Release|Any CPU
		{11F1EFED-9DDA-4B22-A8EF-DC9217D30506}.Ad-Hoc|iPhoneSimulator.Deploy.0 = Release|Any CPU
		{11F1EFED-9DDA-4B22-A8EF-DC9217D30506}.Ad-Hoc|x64.ActiveCfg = Release|Any CPU
		{11F1EFED-9DDA-4B22-A8EF-DC9217D30506}.Ad-Hoc|x64.Build.0 = Release|Any CPU
		{11F1EFED-9DDA-4B22-A8EF-DC9217D30506}.Ad-Hoc|x64.Deploy.0 = Release|Any CPU
		{11F1EFED-9DDA-4B22-A8EF-DC9217D30506}.Ad-Hoc|x86.ActiveCfg = Release|Any CPU
		{11F1EFED-9DDA-4B22-A8EF-DC9217D30506}.Ad-Hoc|x86.Build.0 = Release|Any CPU
		{11F1EFED-9DDA-4B22-A8EF-DC9217D30506}.Ad-Hoc|x86.Deploy.0 = Release|Any CPU
		{11F1EFED-9DDA-4B22-A8EF-DC9217D30506}.AppStore|Any CPU.ActiveCfg = Release|Any CPU
		{11F1EFED-9DDA-4B22-A8EF-DC9217D30506}.AppStore|Any CPU.Build.0 = Release|Any CPU
		{11F1EFED-9DDA-4B22-A8EF-DC9217D30506}.AppStore|Any CPU.Deploy.0 = Release|Any CPU
		{11F1EFED-9DDA-4B22-A8EF-DC9217D30506}.AppStore|ARM.ActiveCfg = Release|Any CPU
		{11F1EFED-9DDA-4B22-A8EF-DC9217D30506}.AppStore|ARM.Build.0 = Release|Any CPU
		{11F1EFED-9DDA-4B22-A8EF-DC9217D30506}.AppStore|ARM.Deploy.0 = Release|Any CPU
		{11F1EFED-9DDA-4B22-A8EF-DC9217D30506}.AppStore|iPhone.ActiveCfg = Release|Any CPU
		{11F1EFED-9DDA-4B22-A8EF-DC9217D30506}.AppStore|iPhone.Build.0 = Release|Any CPU
		{11F1EFED-9DDA-4B22-A8EF-DC9217D30506}.AppStore|iPhone.Deploy.0 = Release|Any CPU
		{11F1EFED-9DDA-4B22-A8EF-DC9217D30506}.AppStore|iPhoneSimulator.ActiveCfg = Release|Any CPU
		{11F1EFED-9DDA-4B22-A8EF-DC9217D30506}.AppStore|iPhoneSimulator.Build.0 = Release|Any CPU
		{11F1EFED-9DDA-4B22-A8EF-DC9217D30506}.AppStore|iPhoneSimulator.Deploy.0 = Release|Any CPU
		{11F1EFED-9DDA-4B22-A8EF-DC9217D30506}.AppStore|x64.ActiveCfg = Release|Any CPU
		{11F1EFED-9DDA-4B22-A8EF-DC9217D30506}.AppStore|x64.Build.0 = Release|Any CPU
		{11F1EFED-9DDA-4B22-A8EF-DC9217D30506}.AppStore|x64.Deploy.0 = Release|Any CPU
		{11F1EFED-9DDA-4B22-A8EF-DC9217D30506}.AppStore|x86.ActiveCfg = Release|Any CPU
		{11F1EFED-9DDA-4B22-A8EF-DC9217D30506}.AppStore|x86.Build.0 = Release|Any CPU
		{11F1EFED-9DDA-4B22-A8EF-DC9217D30506}.AppStore|x86.Deploy.0 = Release|Any CPU
		{11F1EFED-9DDA-4B22-A8EF-DC9217D30506}.Debug|Any CPU.ActiveCfg = Debug|Any CPU
		{11F1EFED-9DDA-4B22-A8EF-DC9217D30506}.Debug|Any CPU.Build.0 = Debug|Any CPU
		{11F1EFED-9DDA-4B22-A8EF-DC9217D30506}.Debug|Any CPU.Deploy.0 = Debug|Any CPU
		{11F1EFED-9DDA-4B22-A8EF-DC9217D30506}.Debug|ARM.ActiveCfg = Debug|Any CPU
		{11F1EFED-9DDA-4B22-A8EF-DC9217D30506}.Debug|ARM.Build.0 = Debug|Any CPU
		{11F1EFED-9DDA-4B22-A8EF-DC9217D30506}.Debug|ARM.Deploy.0 = Debug|Any CPU
		{11F1EFED-9DDA-4B22-A8EF-DC9217D30506}.Debug|iPhone.ActiveCfg = Debug|Any CPU
		{11F1EFED-9DDA-4B22-A8EF-DC9217D30506}.Debug|iPhone.Build.0 = Debug|Any CPU
		{11F1EFED-9DDA-4B22-A8EF-DC9217D30506}.Debug|iPhone.Deploy.0 = Debug|Any CPU
		{11F1EFED-9DDA-4B22-A8EF-DC9217D30506}.Debug|iPhoneSimulator.ActiveCfg = Debug|Any CPU
		{11F1EFED-9DDA-4B22-A8EF-DC9217D30506}.Debug|iPhoneSimulator.Build.0 = Debug|Any CPU
		{11F1EFED-9DDA-4B22-A8EF-DC9217D30506}.Debug|iPhoneSimulator.Deploy.0 = Debug|Any CPU
		{11F1EFED-9DDA-4B22-A8EF-DC9217D30506}.Debug|x64.ActiveCfg = Debug|Any CPU
		{11F1EFED-9DDA-4B22-A8EF-DC9217D30506}.Debug|x64.Build.0 = Debug|Any CPU
		{11F1EFED-9DDA-4B22-A8EF-DC9217D30506}.Debug|x64.Deploy.0 = Debug|Any CPU
		{11F1EFED-9DDA-4B22-A8EF-DC9217D30506}.Debug|x86.ActiveCfg = Debug|Any CPU
		{11F1EFED-9DDA-4B22-A8EF-DC9217D30506}.Debug|x86.Build.0 = Debug|Any CPU
		{11F1EFED-9DDA-4B22-A8EF-DC9217D30506}.Debug|x86.Deploy.0 = Debug|Any CPU
		{11F1EFED-9DDA-4B22-A8EF-DC9217D30506}.Release|Any CPU.ActiveCfg = Release|Any CPU
		{11F1EFED-9DDA-4B22-A8EF-DC9217D30506}.Release|Any CPU.Build.0 = Release|Any CPU
		{11F1EFED-9DDA-4B22-A8EF-DC9217D30506}.Release|Any CPU.Deploy.0 = Release|Any CPU
		{11F1EFED-9DDA-4B22-A8EF-DC9217D30506}.Release|ARM.ActiveCfg = Release|Any CPU
		{11F1EFED-9DDA-4B22-A8EF-DC9217D30506}.Release|ARM.Build.0 = Release|Any CPU
		{11F1EFED-9DDA-4B22-A8EF-DC9217D30506}.Release|ARM.Deploy.0 = Release|Any CPU
		{11F1EFED-9DDA-4B22-A8EF-DC9217D30506}.Release|iPhone.ActiveCfg = Release|Any CPU
		{11F1EFED-9DDA-4B22-A8EF-DC9217D30506}.Release|iPhone.Build.0 = Release|Any CPU
		{11F1EFED-9DDA-4B22-A8EF-DC9217D30506}.Release|iPhone.Deploy.0 = Release|Any CPU
		{11F1EFED-9DDA-4B22-A8EF-DC9217D30506}.Release|iPhoneSimulator.ActiveCfg = Release|Any CPU
		{11F1EFED-9DDA-4B22-A8EF-DC9217D30506}.Release|iPhoneSimulator.Build.0 = Release|Any CPU
		{11F1EFED-9DDA-4B22-A8EF-DC9217D30506}.Release|iPhoneSimulator.Deploy.0 = Release|Any CPU
		{11F1EFED-9DDA-4B22-A8EF-DC9217D30506}.Release|x64.ActiveCfg = Release|Any CPU
		{11F1EFED-9DDA-4B22-A8EF-DC9217D30506}.Release|x64.Build.0 = Release|Any CPU
		{11F1EFED-9DDA-4B22-A8EF-DC9217D30506}.Release|x64.Deploy.0 = Release|Any CPU
		{11F1EFED-9DDA-4B22-A8EF-DC9217D30506}.Release|x86.ActiveCfg = Release|Any CPU
		{11F1EFED-9DDA-4B22-A8EF-DC9217D30506}.Release|x86.Build.0 = Release|Any CPU
		{11F1EFED-9DDA-4B22-A8EF-DC9217D30506}.Release|x86.Deploy.0 = Release|Any CPU
		{27F9137D-072A-48FA-81D6-F446445666CF}.Ad-Hoc|Any CPU.ActiveCfg = Ad-Hoc|iPhone
		{27F9137D-072A-48FA-81D6-F446445666CF}.Ad-Hoc|ARM.ActiveCfg = Ad-Hoc|iPhone
		{27F9137D-072A-48FA-81D6-F446445666CF}.Ad-Hoc|iPhone.ActiveCfg = Ad-Hoc|iPhone
		{27F9137D-072A-48FA-81D6-F446445666CF}.Ad-Hoc|iPhone.Build.0 = Ad-Hoc|iPhone
		{27F9137D-072A-48FA-81D6-F446445666CF}.Ad-Hoc|iPhoneSimulator.ActiveCfg = Ad-Hoc|iPhoneSimulator
		{27F9137D-072A-48FA-81D6-F446445666CF}.Ad-Hoc|iPhoneSimulator.Build.0 = Ad-Hoc|iPhoneSimulator
		{27F9137D-072A-48FA-81D6-F446445666CF}.Ad-Hoc|x64.ActiveCfg = Ad-Hoc|iPhone
		{27F9137D-072A-48FA-81D6-F446445666CF}.Ad-Hoc|x86.ActiveCfg = Ad-Hoc|iPhone
		{27F9137D-072A-48FA-81D6-F446445666CF}.AppStore|Any CPU.ActiveCfg = AppStore|iPhone
		{27F9137D-072A-48FA-81D6-F446445666CF}.AppStore|ARM.ActiveCfg = AppStore|iPhone
		{27F9137D-072A-48FA-81D6-F446445666CF}.AppStore|iPhone.ActiveCfg = AppStore|iPhone
		{27F9137D-072A-48FA-81D6-F446445666CF}.AppStore|iPhone.Build.0 = AppStore|iPhone
		{27F9137D-072A-48FA-81D6-F446445666CF}.AppStore|iPhoneSimulator.ActiveCfg = AppStore|iPhoneSimulator
		{27F9137D-072A-48FA-81D6-F446445666CF}.AppStore|iPhoneSimulator.Build.0 = AppStore|iPhoneSimulator
		{27F9137D-072A-48FA-81D6-F446445666CF}.AppStore|x64.ActiveCfg = AppStore|iPhone
		{27F9137D-072A-48FA-81D6-F446445666CF}.AppStore|x86.ActiveCfg = AppStore|iPhone
		{27F9137D-072A-48FA-81D6-F446445666CF}.Debug|Any CPU.ActiveCfg = Debug|iPhone
		{27F9137D-072A-48FA-81D6-F446445666CF}.Debug|ARM.ActiveCfg = Debug|iPhone
		{27F9137D-072A-48FA-81D6-F446445666CF}.Debug|iPhone.ActiveCfg = Debug|iPhone
		{27F9137D-072A-48FA-81D6-F446445666CF}.Debug|iPhone.Build.0 = Debug|iPhone
		{27F9137D-072A-48FA-81D6-F446445666CF}.Debug|iPhoneSimulator.ActiveCfg = Debug|iPhoneSimulator
		{27F9137D-072A-48FA-81D6-F446445666CF}.Debug|iPhoneSimulator.Build.0 = Debug|iPhoneSimulator
		{27F9137D-072A-48FA-81D6-F446445666CF}.Debug|x64.ActiveCfg = Debug|iPhone
		{27F9137D-072A-48FA-81D6-F446445666CF}.Debug|x86.ActiveCfg = Debug|iPhone
		{27F9137D-072A-48FA-81D6-F446445666CF}.Release|Any CPU.ActiveCfg = Release|iPhone
		{27F9137D-072A-48FA-81D6-F446445666CF}.Release|ARM.ActiveCfg = Release|iPhone
		{27F9137D-072A-48FA-81D6-F446445666CF}.Release|iPhone.ActiveCfg = Release|iPhone
		{27F9137D-072A-48FA-81D6-F446445666CF}.Release|iPhone.Build.0 = Release|iPhone
		{27F9137D-072A-48FA-81D6-F446445666CF}.Release|iPhoneSimulator.ActiveCfg = Release|iPhoneSimulator
		{27F9137D-072A-48FA-81D6-F446445666CF}.Release|iPhoneSimulator.Build.0 = Release|iPhoneSimulator
		{27F9137D-072A-48FA-81D6-F446445666CF}.Release|x64.ActiveCfg = Release|iPhone
		{27F9137D-072A-48FA-81D6-F446445666CF}.Release|x86.ActiveCfg = Release|iPhone
		{3C9E37D6-CEAA-4E12-A095-54FDBE6E8960}.Ad-Hoc|Any CPU.ActiveCfg = Release|Any CPU
		{3C9E37D6-CEAA-4E12-A095-54FDBE6E8960}.Ad-Hoc|Any CPU.Build.0 = Release|Any CPU
		{3C9E37D6-CEAA-4E12-A095-54FDBE6E8960}.Ad-Hoc|ARM.ActiveCfg = Release|ARM
		{3C9E37D6-CEAA-4E12-A095-54FDBE6E8960}.Ad-Hoc|ARM.Build.0 = Release|ARM
		{3C9E37D6-CEAA-4E12-A095-54FDBE6E8960}.Ad-Hoc|iPhone.ActiveCfg = Release|Any CPU
		{3C9E37D6-CEAA-4E12-A095-54FDBE6E8960}.Ad-Hoc|iPhone.Build.0 = Release|Any CPU
		{3C9E37D6-CEAA-4E12-A095-54FDBE6E8960}.Ad-Hoc|iPhoneSimulator.ActiveCfg = Release|Any CPU
		{3C9E37D6-CEAA-4E12-A095-54FDBE6E8960}.Ad-Hoc|iPhoneSimulator.Build.0 = Release|Any CPU
		{3C9E37D6-CEAA-4E12-A095-54FDBE6E8960}.Ad-Hoc|x64.ActiveCfg = Release|x64
		{3C9E37D6-CEAA-4E12-A095-54FDBE6E8960}.Ad-Hoc|x64.Build.0 = Release|x64
		{3C9E37D6-CEAA-4E12-A095-54FDBE6E8960}.Ad-Hoc|x86.ActiveCfg = Release|x86
		{3C9E37D6-CEAA-4E12-A095-54FDBE6E8960}.Ad-Hoc|x86.Build.0 = Release|x86
		{3C9E37D6-CEAA-4E12-A095-54FDBE6E8960}.AppStore|Any CPU.ActiveCfg = Release|Any CPU
		{3C9E37D6-CEAA-4E12-A095-54FDBE6E8960}.AppStore|Any CPU.Build.0 = Release|Any CPU
		{3C9E37D6-CEAA-4E12-A095-54FDBE6E8960}.AppStore|ARM.ActiveCfg = Release|ARM
		{3C9E37D6-CEAA-4E12-A095-54FDBE6E8960}.AppStore|ARM.Build.0 = Release|ARM
		{3C9E37D6-CEAA-4E12-A095-54FDBE6E8960}.AppStore|iPhone.ActiveCfg = Release|Any CPU
		{3C9E37D6-CEAA-4E12-A095-54FDBE6E8960}.AppStore|iPhone.Build.0 = Release|Any CPU
		{3C9E37D6-CEAA-4E12-A095-54FDBE6E8960}.AppStore|iPhoneSimulator.ActiveCfg = Release|Any CPU
		{3C9E37D6-CEAA-4E12-A095-54FDBE6E8960}.AppStore|iPhoneSimulator.Build.0 = Release|Any CPU
		{3C9E37D6-CEAA-4E12-A095-54FDBE6E8960}.AppStore|x64.ActiveCfg = Release|x64
		{3C9E37D6-CEAA-4E12-A095-54FDBE6E8960}.AppStore|x64.Build.0 = Release|x64
		{3C9E37D6-CEAA-4E12-A095-54FDBE6E8960}.AppStore|x86.ActiveCfg = Release|x86
		{3C9E37D6-CEAA-4E12-A095-54FDBE6E8960}.AppStore|x86.Build.0 = Release|x86
		{3C9E37D6-CEAA-4E12-A095-54FDBE6E8960}.Debug|Any CPU.ActiveCfg = Debug|Any CPU
		{3C9E37D6-CEAA-4E12-A095-54FDBE6E8960}.Debug|Any CPU.Build.0 = Debug|Any CPU
		{3C9E37D6-CEAA-4E12-A095-54FDBE6E8960}.Debug|ARM.ActiveCfg = Debug|ARM
		{3C9E37D6-CEAA-4E12-A095-54FDBE6E8960}.Debug|ARM.Build.0 = Debug|ARM
		{3C9E37D6-CEAA-4E12-A095-54FDBE6E8960}.Debug|iPhone.ActiveCfg = Debug|Any CPU
		{3C9E37D6-CEAA-4E12-A095-54FDBE6E8960}.Debug|iPhone.Build.0 = Debug|Any CPU
		{3C9E37D6-CEAA-4E12-A095-54FDBE6E8960}.Debug|iPhoneSimulator.ActiveCfg = Debug|Any CPU
		{3C9E37D6-CEAA-4E12-A095-54FDBE6E8960}.Debug|iPhoneSimulator.Build.0 = Debug|Any CPU
		{3C9E37D6-CEAA-4E12-A095-54FDBE6E8960}.Debug|x64.ActiveCfg = Debug|x64
		{3C9E37D6-CEAA-4E12-A095-54FDBE6E8960}.Debug|x64.Build.0 = Debug|x64
		{3C9E37D6-CEAA-4E12-A095-54FDBE6E8960}.Debug|x86.ActiveCfg = Debug|x86
		{3C9E37D6-CEAA-4E12-A095-54FDBE6E8960}.Debug|x86.Build.0 = Debug|x86
		{3C9E37D6-CEAA-4E12-A095-54FDBE6E8960}.Release|Any CPU.ActiveCfg = Release|Any CPU
		{3C9E37D6-CEAA-4E12-A095-54FDBE6E8960}.Release|Any CPU.Build.0 = Release|Any CPU
		{3C9E37D6-CEAA-4E12-A095-54FDBE6E8960}.Release|ARM.ActiveCfg = Release|ARM
		{3C9E37D6-CEAA-4E12-A095-54FDBE6E8960}.Release|ARM.Build.0 = Release|ARM
		{3C9E37D6-CEAA-4E12-A095-54FDBE6E8960}.Release|iPhone.ActiveCfg = Release|Any CPU
		{3C9E37D6-CEAA-4E12-A095-54FDBE6E8960}.Release|iPhone.Build.0 = Release|Any CPU
		{3C9E37D6-CEAA-4E12-A095-54FDBE6E8960}.Release|iPhoneSimulator.ActiveCfg = Release|Any CPU
		{3C9E37D6-CEAA-4E12-A095-54FDBE6E8960}.Release|iPhoneSimulator.Build.0 = Release|Any CPU
		{3C9E37D6-CEAA-4E12-A095-54FDBE6E8960}.Release|x64.ActiveCfg = Release|x64
		{3C9E37D6-CEAA-4E12-A095-54FDBE6E8960}.Release|x64.Build.0 = Release|x64
		{3C9E37D6-CEAA-4E12-A095-54FDBE6E8960}.Release|x86.ActiveCfg = Release|x86
		{3C9E37D6-CEAA-4E12-A095-54FDBE6E8960}.Release|x86.Build.0 = Release|x86
	EndGlobalSection
	GlobalSection(SolutionProperties) = preSolution
		HideSolutionNode = FALSE
	EndGlobalSection
EndGlobal
